
Microsoft Visual Studio Solution File, Format Version 12.00
# Visual Studio Version 16
VisualStudioVersion = 16.0.30611.23
MinimumVisualStudioVersion = 10.0.40219.1
Project("{8BC9CEB8-8B4A-11D0-8D11-00A0C91BC942}") = "day02", "day2\day2.vcxproj", "{72B766DC-151E-4397-B66C-0B079B5C0E83}"
EndProject
Project("{8BC9CEB8-8B4A-11D0-8D11-00A0C91BC942}") = "day01", "day1\day1.vcxproj", "{8ECE55C3-19C1-4CAD-A607-02081C7CC9BF}"
EndProject
Project("{8BC9CEB8-8B4A-11D0-8D11-00A0C91BC942}") = "day03", "day3\day3.vcxproj", "{9D2520A9-74E3-4CE5-8669-E25596EC977A}"
EndProject
Project("{8BC9CEB8-8B4A-11D0-8D11-00A0C91BC942}") = "day04", "day4\day4.vcxproj", "{86BD3DB8-0A42-409F-AFFA-21DA7FD74DD5}"
EndProject
Project("{8BC9CEB8-8B4A-11D0-8D11-00A0C91BC942}") = "day05", "day5\day5.vcxproj", "{C7993EFB-020A-4F60-9421-5EF3D67196C6}"
EndProject
Project("{8BC9CEB8-8B4A-11D0-8D11-00A0C91BC942}") = "day06", "day6\day6.vcxproj", "{E8103F00-2034-4717-AF9B-112D97C3F19C}"
EndProject
Project("{8BC9CEB8-8B4A-11D0-8D11-00A0C91BC942}") = "day07", "day7\day7.vcxproj", "{4F7EA067-6E6F-46D6-9EAE-EBD6B2A16317}"
EndProject
Project("{8BC9CEB8-8B4A-11D0-8D11-00A0C91BC942}") = "day08", "day8\day8.vcxproj", "{4F69BD40-BF8F-48D9-8DDA-09CB8B6614CB}"
EndProject
Project("{8BC9CEB8-8B4A-11D0-8D11-00A0C91BC942}") = "day09", "day9\day9.vcxproj", "{69536DFB-979A-4AFE-80B6-484E5B599FD0}"
EndProject
Project("{8BC9CEB8-8B4A-11D0-8D11-00A0C91BC942}") = "day10", "day10\day10.vcxproj", "{D92D8090-BE07-4A89-891C-EC0AA7A2E78C}"
EndProject
Project("{8BC9CEB8-8B4A-11D0-8D11-00A0C91BC942}") = "day11", "day11\day11.vcxproj", "{D437D238-8366-4484-B34C-7FDBD263A8E1}"
EndProject
Project("{8BC9CEB8-8B4A-11D0-8D11-00A0C91BC942}") = "day12", "day12\day12.vcxproj", "{24AC073B-48D1-4FA3-8465-473206C73904}"
EndProject
Project("{8BC9CEB8-8B4A-11D0-8D11-00A0C91BC942}") = "day13", "day13\day13.vcxproj", "{203EAA42-B1E6-4150-85D5-276FFDA9233C}"
EndProject
Global
	GlobalSection(SolutionConfigurationPlatforms) = preSolution
		Debug|x64 = Debug|x64
		Debug|x86 = Debug|x86
		Release|x64 = Release|x64
		Release|x86 = Release|x86
	EndGlobalSection
	GlobalSection(ProjectConfigurationPlatforms) = postSolution
		{72B766DC-151E-4397-B66C-0B079B5C0E83}.Debug|x64.ActiveCfg = Debug|x64
		{72B766DC-151E-4397-B66C-0B079B5C0E83}.Debug|x64.Build.0 = Debug|x64
		{72B766DC-151E-4397-B66C-0B079B5C0E83}.Debug|x86.ActiveCfg = Debug|Win32
		{72B766DC-151E-4397-B66C-0B079B5C0E83}.Debug|x86.Build.0 = Debug|Win32
		{72B766DC-151E-4397-B66C-0B079B5C0E83}.Release|x64.ActiveCfg = Release|x64
		{72B766DC-151E-4397-B66C-0B079B5C0E83}.Release|x64.Build.0 = Release|x64
		{72B766DC-151E-4397-B66C-0B079B5C0E83}.Release|x86.ActiveCfg = Release|Win32
		{72B766DC-151E-4397-B66C-0B079B5C0E83}.Release|x86.Build.0 = Release|Win32
		{8ECE55C3-19C1-4CAD-A607-02081C7CC9BF}.Debug|x64.ActiveCfg = Debug|x64
		{8ECE55C3-19C1-4CAD-A607-02081C7CC9BF}.Debug|x64.Build.0 = Debug|x64
		{8ECE55C3-19C1-4CAD-A607-02081C7CC9BF}.Debug|x86.ActiveCfg = Debug|Win32
		{8ECE55C3-19C1-4CAD-A607-02081C7CC9BF}.Debug|x86.Build.0 = Debug|Win32
		{8ECE55C3-19C1-4CAD-A607-02081C7CC9BF}.Release|x64.ActiveCfg = Release|x64
		{8ECE55C3-19C1-4CAD-A607-02081C7CC9BF}.Release|x64.Build.0 = Release|x64
		{8ECE55C3-19C1-4CAD-A607-02081C7CC9BF}.Release|x86.ActiveCfg = Release|Win32
		{8ECE55C3-19C1-4CAD-A607-02081C7CC9BF}.Release|x86.Build.0 = Release|Win32
		{9D2520A9-74E3-4CE5-8669-E25596EC977A}.Debug|x64.ActiveCfg = Debug|x64
		{9D2520A9-74E3-4CE5-8669-E25596EC977A}.Debug|x64.Build.0 = Debug|x64
		{9D2520A9-74E3-4CE5-8669-E25596EC977A}.Debug|x86.ActiveCfg = Debug|Win32
		{9D2520A9-74E3-4CE5-8669-E25596EC977A}.Debug|x86.Build.0 = Debug|Win32
		{9D2520A9-74E3-4CE5-8669-E25596EC977A}.Release|x64.ActiveCfg = Release|x64
		{9D2520A9-74E3-4CE5-8669-E25596EC977A}.Release|x64.Build.0 = Release|x64
		{9D2520A9-74E3-4CE5-8669-E25596EC977A}.Release|x86.ActiveCfg = Release|Win32
		{9D2520A9-74E3-4CE5-8669-E25596EC977A}.Release|x86.Build.0 = Release|Win32
		{86BD3DB8-0A42-409F-AFFA-21DA7FD74DD5}.Debug|x64.ActiveCfg = Debug|x64
		{86BD3DB8-0A42-409F-AFFA-21DA7FD74DD5}.Debug|x64.Build.0 = Debug|x64
		{86BD3DB8-0A42-409F-AFFA-21DA7FD74DD5}.Debug|x86.ActiveCfg = Debug|Win32
		{86BD3DB8-0A42-409F-AFFA-21DA7FD74DD5}.Debug|x86.Build.0 = Debug|Win32
		{86BD3DB8-0A42-409F-AFFA-21DA7FD74DD5}.Release|x64.ActiveCfg = Release|x64
		{86BD3DB8-0A42-409F-AFFA-21DA7FD74DD5}.Release|x64.Build.0 = Release|x64
		{86BD3DB8-0A42-409F-AFFA-21DA7FD74DD5}.Release|x86.ActiveCfg = Release|Win32
		{86BD3DB8-0A42-409F-AFFA-21DA7FD74DD5}.Release|x86.Build.0 = Release|Win32
		{C7993EFB-020A-4F60-9421-5EF3D67196C6}.Debug|x64.ActiveCfg = Debug|x64
		{C7993EFB-020A-4F60-9421-5EF3D67196C6}.Debug|x64.Build.0 = Debug|x64
		{C7993EFB-020A-4F60-9421-5EF3D67196C6}.Debug|x86.ActiveCfg = Debug|Win32
		{C7993EFB-020A-4F60-9421-5EF3D67196C6}.Debug|x86.Build.0 = Debug|Win32
		{C7993EFB-020A-4F60-9421-5EF3D67196C6}.Release|x64.ActiveCfg = Release|x64
		{C7993EFB-020A-4F60-9421-5EF3D67196C6}.Release|x64.Build.0 = Release|x64
		{C7993EFB-020A-4F60-9421-5EF3D67196C6}.Release|x86.ActiveCfg = Release|Win32
		{C7993EFB-020A-4F60-9421-5EF3D67196C6}.Release|x86.Build.0 = Release|Win32
		{E8103F00-2034-4717-AF9B-112D97C3F19C}.Debug|x64.ActiveCfg = Debug|x64
		{E8103F00-2034-4717-AF9B-112D97C3F19C}.Debug|x64.Build.0 = Debug|x64
		{E8103F00-2034-4717-AF9B-112D97C3F19C}.Debug|x86.ActiveCfg = Debug|Win32
		{E8103F00-2034-4717-AF9B-112D97C3F19C}.Debug|x86.Build.0 = Debug|Win32
		{E8103F00-2034-4717-AF9B-112D97C3F19C}.Release|x64.ActiveCfg = Release|x64
		{E8103F00-2034-4717-AF9B-112D97C3F19C}.Release|x64.Build.0 = Release|x64
		{E8103F00-2034-4717-AF9B-112D97C3F19C}.Release|x86.ActiveCfg = Release|Win32
		{E8103F00-2034-4717-AF9B-112D97C3F19C}.Release|x86.Build.0 = Release|Win32
		{4F7EA067-6E6F-46D6-9EAE-EBD6B2A16317}.Debug|x64.ActiveCfg = Debug|x64
		{4F7EA067-6E6F-46D6-9EAE-EBD6B2A16317}.Debug|x64.Build.0 = Debug|x64
		{4F7EA067-6E6F-46D6-9EAE-EBD6B2A16317}.Debug|x86.ActiveCfg = Debug|Win32
		{4F7EA067-6E6F-46D6-9EAE-EBD6B2A16317}.Debug|x86.Build.0 = Debug|Win32
		{4F7EA067-6E6F-46D6-9EAE-EBD6B2A16317}.Release|x64.ActiveCfg = Release|x64
		{4F7EA067-6E6F-46D6-9EAE-EBD6B2A16317}.Release|x64.Build.0 = Release|x64
		{4F7EA067-6E6F-46D6-9EAE-EBD6B2A16317}.Release|x86.ActiveCfg = Release|Win32
		{4F7EA067-6E6F-46D6-9EAE-EBD6B2A16317}.Release|x86.Build.0 = Release|Win32
		{4F69BD40-BF8F-48D9-8DDA-09CB8B6614CB}.Debug|x64.ActiveCfg = Debug|x64
		{4F69BD40-BF8F-48D9-8DDA-09CB8B6614CB}.Debug|x64.Build.0 = Debug|x64
		{4F69BD40-BF8F-48D9-8DDA-09CB8B6614CB}.Debug|x86.ActiveCfg = Debug|Win32
		{4F69BD40-BF8F-48D9-8DDA-09CB8B6614CB}.Debug|x86.Build.0 = Debug|Win32
		{4F69BD40-BF8F-48D9-8DDA-09CB8B6614CB}.Release|x64.ActiveCfg = Release|x64
		{4F69BD40-BF8F-48D9-8DDA-09CB8B6614CB}.Release|x64.Build.0 = Release|x64
		{4F69BD40-BF8F-48D9-8DDA-09CB8B6614CB}.Release|x86.ActiveCfg = Release|Win32
		{4F69BD40-BF8F-48D9-8DDA-09CB8B6614CB}.Release|x86.Build.0 = Release|Win32
		{69536DFB-979A-4AFE-80B6-484E5B599FD0}.Debug|x64.ActiveCfg = Debug|x64
		{69536DFB-979A-4AFE-80B6-484E5B599FD0}.Debug|x64.Build.0 = Debug|x64
		{69536DFB-979A-4AFE-80B6-484E5B599FD0}.Debug|x86.ActiveCfg = Debug|Win32
		{69536DFB-979A-4AFE-80B6-484E5B599FD0}.Debug|x86.Build.0 = Debug|Win32
		{69536DFB-979A-4AFE-80B6-484E5B599FD0}.Release|x64.ActiveCfg = Release|x64
		{69536DFB-979A-4AFE-80B6-484E5B599FD0}.Release|x64.Build.0 = Release|x64
		{69536DFB-979A-4AFE-80B6-484E5B599FD0}.Release|x86.ActiveCfg = Release|Win32
		{69536DFB-979A-4AFE-80B6-484E5B599FD0}.Release|x86.Build.0 = Release|Win32
		{D92D8090-BE07-4A89-891C-EC0AA7A2E78C}.Debug|x64.ActiveCfg = Debug|x64
		{D92D8090-BE07-4A89-891C-EC0AA7A2E78C}.Debug|x64.Build.0 = Debug|x64
		{D92D8090-BE07-4A89-891C-EC0AA7A2E78C}.Debug|x86.ActiveCfg = Debug|Win32
		{D92D8090-BE07-4A89-891C-EC0AA7A2E78C}.Debug|x86.Build.0 = Debug|Win32
		{D92D8090-BE07-4A89-891C-EC0AA7A2E78C}.Release|x64.ActiveCfg = Release|x64
		{D92D8090-BE07-4A89-891C-EC0AA7A2E78C}.Release|x64.Build.0 = Release|x64
		{D92D8090-BE07-4A89-891C-EC0AA7A2E78C}.Release|x86.ActiveCfg = Release|Win32
		{D92D8090-BE07-4A89-891C-EC0AA7A2E78C}.Release|x86.Build.0 = Release|Win32
		{D437D238-8366-4484-B34C-7FDBD263A8E1}.Debug|x64.ActiveCfg = Debug|x64
		{D437D238-8366-4484-B34C-7FDBD263A8E1}.Debug|x64.Build.0 = Debug|x64
		{D437D238-8366-4484-B34C-7FDBD263A8E1}.Debug|x86.ActiveCfg = Debug|Win32
		{D437D238-8366-4484-B34C-7FDBD263A8E1}.Debug|x86.Build.0 = Debug|Win32
		{D437D238-8366-4484-B34C-7FDBD263A8E1}.Release|x64.ActiveCfg = Release|x64
		{D437D238-8366-4484-B34C-7FDBD263A8E1}.Release|x64.Build.0 = Release|x64
		{D437D238-8366-4484-B34C-7FDBD263A8E1}.Release|x86.ActiveCfg = Release|Win32
		{D437D238-8366-4484-B34C-7FDBD263A8E1}.Release|x86.Build.0 = Release|Win32
		{24AC073B-48D1-4FA3-8465-473206C73904}.Debug|x64.ActiveCfg = Debug|x64
		{24AC073B-48D1-4FA3-8465-473206C73904}.Debug|x64.Build.0 = Debug|x64
		{24AC073B-48D1-4FA3-8465-473206C73904}.Debug|x86.ActiveCfg = Debug|Win32
		{24AC073B-48D1-4FA3-8465-473206C73904}.Debug|x86.Build.0 = Debug|Win32
		{24AC073B-48D1-4FA3-8465-473206C73904}.Release|x64.ActiveCfg = Release|x64
		{24AC073B-48D1-4FA3-8465-473206C73904}.Release|x64.Build.0 = Release|x64
		{24AC073B-48D1-4FA3-8465-473206C73904}.Release|x86.ActiveCfg = Release|Win32
		{24AC073B-48D1-4FA3-8465-473206C73904}.Release|x86.Build.0 = Release|Win32
		{203EAA42-B1E6-4150-85D5-276FFDA9233C}.Debug|x64.ActiveCfg = Debug|x64
		{203EAA42-B1E6-4150-85D5-276FFDA9233C}.Debug|x64.Build.0 = Debug|x64
		{203EAA42-B1E6-4150-85D5-276FFDA9233C}.Debug|x86.ActiveCfg = Debug|Win32
		{203EAA42-B1E6-4150-85D5-276FFDA9233C}.Debug|x86.Build.0 = Debug|Win32
		{203EAA42-B1E6-4150-85D5-276FFDA9233C}.Release|x64.ActiveCfg = Release|x64
		{203EAA42-B1E6-4150-85D5-276FFDA9233C}.Release|x64.Build.0 = Release|x64
		{203EAA42-B1E6-4150-85D5-276FFDA9233C}.Release|x86.ActiveCfg = Release|Win32
		{203EAA42-B1E6-4150-85D5-276FFDA9233C}.Release|x86.Build.0 = Release|Win32
	EndGlobalSection
	GlobalSection(SolutionProperties) = preSolution
		HideSolutionNode = FALSE
	EndGlobalSection
	GlobalSection(ExtensibilityGlobals) = postSolution
		SolutionGuid = {434E8706-446F-46E0-94AE-461177E68F10}
	EndGlobalSection
EndGlobal
